
Microsoft Visual Studio Solution File, Format Version 12.00
# Visual Studio Version 16
VisualStudioVersion = 16.0.31702.278
MinimumVisualStudioVersion = 10.0.40219.1
Project("{8BC9CEB8-8B4A-11D0-8D11-00A0C91BC942}") = "TEST", "TEST\TEST.vcxproj", "{17C0A5C7-A07A-4796-B7CC-838427A6079E}"
EndProject
Project("{8BC9CEB8-8B4A-11D0-8D11-00A0C91BC942}") = "2-1 逆序数据建立链表", "2-1 逆序数据建立链表\2-1 逆序数据建立链表.vcxproj", "{A1A56B79-E6C7-43A6-9986-D4060E16C885}"
EndProject
Project("{8BC9CEB8-8B4A-11D0-8D11-00A0C91BC942}") = "2-2 链式表操作集", "2-2 链式表操作集\2-2 链式表操作集.vcxproj", "{3E4FB68B-38ED-4AC9-BFCA-B92C5F51EDB8}"
EndProject
Project("{8BC9CEB8-8B4A-11D0-8D11-00A0C91BC942}") = "2-3 链式表的按序号查找", "2-3 链式表的按序号查找\2-3 链式表的按序号查找.vcxproj", "{478422BB-7A67-4EF6-BA22-E74599592013}"
EndProject
Project("{8BC9CEB8-8B4A-11D0-8D11-00A0C91BC942}") = "2-4 求链式表的表长", "2-4 求链式表的表长\2-4 求链式表的表长.vcxproj", "{EFB49985-0B1C-4781-AB5E-21F64E870E1B}"
EndProject
Project("{8BC9CEB8-8B4A-11D0-8D11-00A0C91BC942}") = "2-5 单链表逆转", "2-5 单链表逆转\2-5 单链表逆转.vcxproj", "{F527CF5B-0429-4C0E-B169-55725A0A5B35}"
EndProject
Project("{8BC9CEB8-8B4A-11D0-8D11-00A0C91BC942}") = "2-6 两个有序链表序列的合并", "2-6 两个有序链表序列的合并\2-6 两个有序链表序列的合并.vcxproj", "{EDAB9BDB-9A1F-4C55-A85D-B84778EC4F0E}"
EndProject
Project("{8BC9CEB8-8B4A-11D0-8D11-00A0C91BC942}") = "2-7 单链表 - 20. 单值化(去重)", "2-7 单链表 - 20. 单值化(去重)\2-7 单链表 - 20. 单值化(去重).vcxproj", "{67D68096-22EC-46EF-AEE3-4EAAF6DD9111}"
EndProject
Project("{8BC9CEB8-8B4A-11D0-8D11-00A0C91BC942}") = "Experiment2 单链表基本操作", "Experiment2\Experiment2.vcxproj", "{7A8BDF3D-CED8-45AB-B65D-DBCAEA5CC39D}"
EndProject
Project("{8BC9CEB8-8B4A-11D0-8D11-00A0C91BC942}") = "Experiment1", "Experiment1\Experiment1.vcxproj", "{D563CC84-C43D-4AEC-9CD5-C3205FC3FDE5}"
EndProject
Global
	GlobalSection(SolutionConfigurationPlatforms) = preSolution
		Debug|x64 = Debug|x64
		Debug|x86 = Debug|x86
		Release|x64 = Release|x64
		Release|x86 = Release|x86
	EndGlobalSection
	GlobalSection(ProjectConfigurationPlatforms) = postSolution
		{17C0A5C7-A07A-4796-B7CC-838427A6079E}.Debug|x64.ActiveCfg = Debug|x64
		{17C0A5C7-A07A-4796-B7CC-838427A6079E}.Debug|x64.Build.0 = Debug|x64
		{17C0A5C7-A07A-4796-B7CC-838427A6079E}.Debug|x86.ActiveCfg = Debug|Win32
		{17C0A5C7-A07A-4796-B7CC-838427A6079E}.Debug|x86.Build.0 = Debug|Win32
		{17C0A5C7-A07A-4796-B7CC-838427A6079E}.Release|x64.ActiveCfg = Release|x64
		{17C0A5C7-A07A-4796-B7CC-838427A6079E}.Release|x64.Build.0 = Release|x64
		{17C0A5C7-A07A-4796-B7CC-838427A6079E}.Release|x86.ActiveCfg = Release|Win32
		{17C0A5C7-A07A-4796-B7CC-838427A6079E}.Release|x86.Build.0 = Release|Win32
		{A1A56B79-E6C7-43A6-9986-D4060E16C885}.Debug|x64.ActiveCfg = Debug|x64
		{A1A56B79-E6C7-43A6-9986-D4060E16C885}.Debug|x64.Build.0 = Debug|x64
		{A1A56B79-E6C7-43A6-9986-D4060E16C885}.Debug|x86.ActiveCfg = Debug|Win32
		{A1A56B79-E6C7-43A6-9986-D4060E16C885}.Debug|x86.Build.0 = Debug|Win32
		{A1A56B79-E6C7-43A6-9986-D4060E16C885}.Release|x64.ActiveCfg = Release|x64
		{A1A56B79-E6C7-43A6-9986-D4060E16C885}.Release|x64.Build.0 = Release|x64
		{A1A56B79-E6C7-43A6-9986-D4060E16C885}.Release|x86.ActiveCfg = Release|Win32
		{A1A56B79-E6C7-43A6-9986-D4060E16C885}.Release|x86.Build.0 = Release|Win32
		{3E4FB68B-38ED-4AC9-BFCA-B92C5F51EDB8}.Debug|x64.ActiveCfg = Debug|x64
		{3E4FB68B-38ED-4AC9-BFCA-B92C5F51EDB8}.Debug|x64.Build.0 = Debug|x64
		{3E4FB68B-38ED-4AC9-BFCA-B92C5F51EDB8}.Debug|x86.ActiveCfg = Debug|Win32
		{3E4FB68B-38ED-4AC9-BFCA-B92C5F51EDB8}.Debug|x86.Build.0 = Debug|Win32
		{3E4FB68B-38ED-4AC9-BFCA-B92C5F51EDB8}.Release|x64.ActiveCfg = Release|x64
		{3E4FB68B-38ED-4AC9-BFCA-B92C5F51EDB8}.Release|x64.Build.0 = Release|x64
		{3E4FB68B-38ED-4AC9-BFCA-B92C5F51EDB8}.Release|x86.ActiveCfg = Release|Win32
		{3E4FB68B-38ED-4AC9-BFCA-B92C5F51EDB8}.Release|x86.Build.0 = Release|Win32
		{478422BB-7A67-4EF6-BA22-E74599592013}.Debug|x64.ActiveCfg = Debug|x64
		{478422BB-7A67-4EF6-BA22-E74599592013}.Debug|x64.Build.0 = Debug|x64
		{478422BB-7A67-4EF6-BA22-E74599592013}.Debug|x86.ActiveCfg = Debug|Win32
		{478422BB-7A67-4EF6-BA22-E74599592013}.Debug|x86.Build.0 = Debug|Win32
		{478422BB-7A67-4EF6-BA22-E74599592013}.Release|x64.ActiveCfg = Release|x64
		{478422BB-7A67-4EF6-BA22-E74599592013}.Release|x64.Build.0 = Release|x64
		{478422BB-7A67-4EF6-BA22-E74599592013}.Release|x86.ActiveCfg = Release|Win32
		{478422BB-7A67-4EF6-BA22-E74599592013}.Release|x86.Build.0 = Release|Win32
		{EFB49985-0B1C-4781-AB5E-21F64E870E1B}.Debug|x64.ActiveCfg = Debug|x64
		{EFB49985-0B1C-4781-AB5E-21F64E870E1B}.Debug|x64.Build.0 = Debug|x64
		{EFB49985-0B1C-4781-AB5E-21F64E870E1B}.Debug|x86.ActiveCfg = Debug|Win32
		{EFB49985-0B1C-4781-AB5E-21F64E870E1B}.Debug|x86.Build.0 = Debug|Win32
		{EFB49985-0B1C-4781-AB5E-21F64E870E1B}.Release|x64.ActiveCfg = Release|x64
		{EFB49985-0B1C-4781-AB5E-21F64E870E1B}.Release|x64.Build.0 = Release|x64
		{EFB49985-0B1C-4781-AB5E-21F64E870E1B}.Release|x86.ActiveCfg = Release|Win32
		{EFB49985-0B1C-4781-AB5E-21F64E870E1B}.Release|x86.Build.0 = Release|Win32
		{F527CF5B-0429-4C0E-B169-55725A0A5B35}.Debug|x64.ActiveCfg = Debug|x64
		{F527CF5B-0429-4C0E-B169-55725A0A5B35}.Debug|x64.Build.0 = Debug|x64
		{F527CF5B-0429-4C0E-B169-55725A0A5B35}.Debug|x86.ActiveCfg = Debug|Win32
		{F527CF5B-0429-4C0E-B169-55725A0A5B35}.Debug|x86.Build.0 = Debug|Win32
		{F527CF5B-0429-4C0E-B169-55725A0A5B35}.Release|x64.ActiveCfg = Release|x64
		{F527CF5B-0429-4C0E-B169-55725A0A5B35}.Release|x64.Build.0 = Release|x64
		{F527CF5B-0429-4C0E-B169-55725A0A5B35}.Release|x86.ActiveCfg = Release|Win32
		{F527CF5B-0429-4C0E-B169-55725A0A5B35}.Release|x86.Build.0 = Release|Win32
		{EDAB9BDB-9A1F-4C55-A85D-B84778EC4F0E}.Debug|x64.ActiveCfg = Debug|x64
		{EDAB9BDB-9A1F-4C55-A85D-B84778EC4F0E}.Debug|x64.Build.0 = Debug|x64
		{EDAB9BDB-9A1F-4C55-A85D-B84778EC4F0E}.Debug|x86.ActiveCfg = Debug|Win32
		{EDAB9BDB-9A1F-4C55-A85D-B84778EC4F0E}.Debug|x86.Build.0 = Debug|Win32
		{EDAB9BDB-9A1F-4C55-A85D-B84778EC4F0E}.Release|x64.ActiveCfg = Release|x64
		{EDAB9BDB-9A1F-4C55-A85D-B84778EC4F0E}.Release|x64.Build.0 = Release|x64
		{EDAB9BDB-9A1F-4C55-A85D-B84778EC4F0E}.Release|x86.ActiveCfg = Release|Win32
		{EDAB9BDB-9A1F-4C55-A85D-B84778EC4F0E}.Release|x86.Build.0 = Release|Win32
		{67D68096-22EC-46EF-AEE3-4EAAF6DD9111}.Debug|x64.ActiveCfg = Debug|x64
		{67D68096-22EC-46EF-AEE3-4EAAF6DD9111}.Debug|x64.Build.0 = Debug|x64
		{67D68096-22EC-46EF-AEE3-4EAAF6DD9111}.Debug|x86.ActiveCfg = Debug|Win32
		{67D68096-22EC-46EF-AEE3-4EAAF6DD9111}.Debug|x86.Build.0 = Debug|Win32
		{67D68096-22EC-46EF-AEE3-4EAAF6DD9111}.Release|x64.ActiveCfg = Release|x64
		{67D68096-22EC-46EF-AEE3-4EAAF6DD9111}.Release|x64.Build.0 = Release|x64
		{67D68096-22EC-46EF-AEE3-4EAAF6DD9111}.Release|x86.ActiveCfg = Release|Win32
		{67D68096-22EC-46EF-AEE3-4EAAF6DD9111}.Release|x86.Build.0 = Release|Win32
		{7A8BDF3D-CED8-45AB-B65D-DBCAEA5CC39D}.Debug|x64.ActiveCfg = Debug|x64
		{7A8BDF3D-CED8-45AB-B65D-DBCAEA5CC39D}.Debug|x64.Build.0 = Debug|x64
		{7A8BDF3D-CED8-45AB-B65D-DBCAEA5CC39D}.Debug|x86.ActiveCfg = Debug|Win32
		{7A8BDF3D-CED8-45AB-B65D-DBCAEA5CC39D}.Debug|x86.Build.0 = Debug|Win32
		{7A8BDF3D-CED8-45AB-B65D-DBCAEA5CC39D}.Release|x64.ActiveCfg = Release|x64
		{7A8BDF3D-CED8-45AB-B65D-DBCAEA5CC39D}.Release|x64.Build.0 = Release|x64
		{7A8BDF3D-CED8-45AB-B65D-DBCAEA5CC39D}.Release|x86.ActiveCfg = Release|Win32
		{7A8BDF3D-CED8-45AB-B65D-DBCAEA5CC39D}.Release|x86.Build.0 = Release|Win32
		{D563CC84-C43D-4AEC-9CD5-C3205FC3FDE5}.Debug|x64.ActiveCfg = Debug|x64
		{D563CC84-C43D-4AEC-9CD5-C3205FC3FDE5}.Debug|x64.Build.0 = Debug|x64
		{D563CC84-C43D-4AEC-9CD5-C3205FC3FDE5}.Debug|x86.ActiveCfg = Debug|Win32
		{D563CC84-C43D-4AEC-9CD5-C3205FC3FDE5}.Debug|x86.Build.0 = Debug|Win32
		{D563CC84-C43D-4AEC-9CD5-C3205FC3FDE5}.Release|x64.ActiveCfg = Release|x64
		{D563CC84-C43D-4AEC-9CD5-C3205FC3FDE5}.Release|x64.Build.0 = Release|x64
		{D563CC84-C43D-4AEC-9CD5-C3205FC3FDE5}.Release|x86.ActiveCfg = Release|Win32
		{D563CC84-C43D-4AEC-9CD5-C3205FC3FDE5}.Release|x86.Build.0 = Release|Win32
	EndGlobalSection
	GlobalSection(SolutionProperties) = preSolution
		HideSolutionNode = FALSE
	EndGlobalSection
	GlobalSection(ExtensibilityGlobals) = postSolution
		SolutionGuid = {147589DC-82F9-4F45-904F-1EAAEB286021}
	EndGlobalSection
EndGlobal
